{
  "requires": true,
  "lockfileVersion": 1,
  "dependencies": {
    "@fancyapps/ui": {
      "version": "4.0.0-beta.3",
      "resolved": "https://registry.npmjs.org/@fancyapps/ui/-/ui-4.0.0-beta.3.tgz",
      "integrity": "sha512-B+DBLOQwpqm5kN72kU7U0qqYayKO50I7otEnQW+MFQi3XyOpHh14Fyypi2nLqpBj4msAtKyssSzaDlaCThEQJA=="
    }
  }
}
